
Microsoft Visual Studio Solution File, Format Version 12.00
# Visual Studio Version 17
VisualStudioVersion = 17.9.34728.123
MinimumVisualStudioVersion = 10.0.40219.1
Project("{FAE04EC0-301F-11D3-BF4B-00C04F79EFBC}") = "TelaLogin", "TelaLogin\TelaLogin.csproj", "{7C03DC04-0072-4A23-BE27-E85A7490AF18}"
EndProject
Global
	GlobalSection(SolutionConfigurationPlatforms) = preSolution
		Debug|Any CPU = Debug|Any CPU
		Release|Any CPU = Release|Any CPU
	EndGlobalSection
	GlobalSection(ProjectConfigurationPlatforms) = postSolution
		{7C03DC04-0072-4A23-BE27-E85A7490AF18}.Debug|Any CPU.ActiveCfg = Debug|Any CPU
		{7C03DC04-0072-4A23-BE27-E85A7490AF18}.Debug|Any CPU.Build.0 = Debug|Any CPU
		{7C03DC04-0072-4A23-BE27-E85A7490AF18}.Release|Any CPU.ActiveCfg = Release|Any CPU
		{7C03DC04-0072-4A23-BE27-E85A7490AF18}.Release|Any CPU.Build.0 = Release|Any CPU
	EndGlobalSection
	GlobalSection(SolutionProperties) = preSolution
		HideSolutionNode = FALSE
	EndGlobalSection
	GlobalSection(ExtensibilityGlobals) = postSolution
		SolutionGuid = {02993B78-FC77-4380-A89D-D809809F4B52}
	EndGlobalSection
EndGlobal
